hash: ef80d480398e3bba2cb66ccc6f24b4950aac8ee4baa2af4402b857cbafc77e27
updated: 2016-07-23T14:50:37.620172121+09:00
imports:
- name: github.com/golang/protobuf
  version: 874264fbbb43f4d91e999fecb4b40143ed611400
  subpackages:
  - proto
- name: golang.org/x/net
  version: 4d38db76854b199960801a1734443fd02870d7e1
  subpackages:
  - context
  - http2
  - trace
  - http2/hpack
  - lex/httplex
  - internal/timeseries
- name: google.golang.org/grpc
  version: 13edeeffdea7a41d5aad96c28deb4c7bd01a9397
  subpackages:
  - codes
  - credentials
  - grpclog
  - internal
  - metadata
  - naming
  - transport
  - peer
testImports: []
